
Microsoft Visual Studio Solution File, Format Version 12.00
# Visual Studio Version 17
VisualStudioVersion = 17.11.35327.3
MinimumVisualStudioVersion = 10.0.40219.1
Project("{FAE04EC0-301F-11D3-BF4B-00C04F79EFBC}") = "LoginMVC", "LoginMVC.csproj", "{AE3F92FF-BB9D-45C5-9809-EAC5395DFABE}"
EndProject
Global
	GlobalSection(SolutionConfigurationPlatforms) = preSolution
		Debug|Any CPU = Debug|Any CPU
		Release|Any CPU = Release|Any CPU
	EndGlobalSection
	GlobalSection(ProjectConfigurationPlatforms) = postSolution
		{AE3F92FF-BB9D-45C5-9809-EAC5395DFABE}.Debug|Any CPU.ActiveCfg = Debug|Any CPU
		{AE3F92FF-BB9D-45C5-9809-EAC5395DFABE}.Debug|Any CPU.Build.0 = Debug|Any CPU
		{AE3F92FF-BB9D-45C5-9809-EAC5395DFABE}.Release|Any CPU.ActiveCfg = Release|Any CPU
		{AE3F92FF-BB9D-45C5-9809-EAC5395DFABE}.Release|Any CPU.Build.0 = Release|Any CPU
	EndGlobalSection
	GlobalSection(SolutionProperties) = preSolution
		HideSolutionNode = FALSE
	EndGlobalSection
	GlobalSection(ExtensibilityGlobals) = postSolution
		SolutionGuid = {B901EE4A-EB9C-4B83-BE63-AA8442346052}
	EndGlobalSection
EndGlobal
